
Microsoft Visual Studio Solution File, Format Version 12.00
# Visual Studio Version 17
VisualStudioVersion = 17.11.35303.130
MinimumVisualStudioVersion = 10.0.40219.1
Project("{FAE04EC0-301F-11D3-BF4B-00C04F79EFBC}") = "WebTeplApp", "WebTeplApp\WebTeplApp.csproj", "{355A934F-F841-42D4-A528-382F797654D2}"
EndProject
Global
	GlobalSection(SolutionConfigurationPlatforms) = preSolution
		Debug|Any CPU = Debug|Any CPU
		Release|Any CPU = Release|Any CPU
	EndGlobalSection
	GlobalSection(ProjectConfigurationPlatforms) = postSolution
		{355A934F-F841-42D4-A528-382F797654D2}.Debug|Any CPU.ActiveCfg = Debug|Any CPU
		{355A934F-F841-42D4-A528-382F797654D2}.Debug|Any CPU.Build.0 = Debug|Any CPU
		{355A934F-F841-42D4-A528-382F797654D2}.Release|Any CPU.ActiveCfg = Release|Any CPU
		{355A934F-F841-42D4-A528-382F797654D2}.Release|Any CPU.Build.0 = Release|Any CPU
	EndGlobalSection
	GlobalSection(SolutionProperties) = preSolution
		HideSolutionNode = FALSE
	EndGlobalSection
	GlobalSection(ExtensibilityGlobals) = postSolution
		SolutionGuid = {B6A7785D-15E3-41CD-9E0A-1D5EFDEC5831}
	EndGlobalSection
EndGlobal
